
Microsoft Visual Studio Solution File, Format Version 12.00
# Visual Studio 15
VisualStudioVersion = 15.0.27004.2010
MinimumVisualStudioVersion = 10.0.40219.1
Project("{FAE04EC0-301F-11D3-BF4B-00C04F79EFBC}") = "webBlog", "webBlog\webBlog.csproj", "{87005CF9-01B7-43D7-88E5-64C45D607BEA}"
EndProject
Global
	GlobalSection(SolutionConfigurationPlatforms) = preSolution
		Debug|Any CPU = Debug|Any CPU
		Release|Any CPU = Release|Any CPU
	EndGlobalSection
	GlobalSection(ProjectConfigurationPlatforms) = postSolution
		{87005CF9-01B7-43D7-88E5-64C45D607BEA}.Debug|Any CPU.ActiveCfg = Debug|Any CPU
		{87005CF9-01B7-43D7-88E5-64C45D607BEA}.Debug|Any CPU.Build.0 = Debug|Any CPU
		{87005CF9-01B7-43D7-88E5-64C45D607BEA}.Release|Any CPU.ActiveCfg = Release|Any CPU
		{87005CF9-01B7-43D7-88E5-64C45D607BEA}.Release|Any CPU.Build.0 = Release|Any CPU
	EndGlobalSection
	GlobalSection(SolutionProperties) = preSolution
		HideSolutionNode = FALSE
	EndGlobalSection
	GlobalSection(ExtensibilityGlobals) = postSolution
		SolutionGuid = {FF22F62A-7FAD-4D27-A8B6-1D626699403F}
	EndGlobalSection
EndGlobal
